PODS:
  - Alamofire (4.8.2)
  - FloatingPanel (1.7.2)
  - RxSwift (5.0.1)
  - SnapKit (5.0.1)
  - VK-ios-sdk (1.5.1)

DEPENDENCIES:
  - Alamofire (~> 4.8.2)
  - FloatingPanel
  - RxSwift
  - SnapKit
  - VK-ios-sdk

SPEC REPOS:
  trunk:
    - Alamofire
    - FloatingPanel
    - RxSwift
    - SnapKit
    - VK-ios-sdk

SPEC CHECKSUMS:
  Alamofire: ae5c501addb7afdbb13687d7f2f722c78734c2d3
  FloatingPanel: b275a35d0a09be4bd37025e710a6a1d063bfc161
  RxSwift: e2dc62b366a3adf6a0be44ba9f405efd4c94e0c4
  SnapKit: 97b92857e3df3a0c71833cce143274bf6ef8e5eb
  VK-ios-sdk: 62a10b6571fbcda0657f455fedce7fedf55b4cd0

PODFILE CHECKSUM: d1622e2cc541595a871f9330e0772cbc342fb303

COCOAPODS: 1.8.4
