// !$*UTF8*$!
{
	archiveVersion = 1;
	classes = {
	};
	objectVersion = 50;
	objects = {

/* Begin PBXBuildFile section */
		34D1A1EE23F98CCA000F450D /* AppDelegate.swift in Sources */ = {isa = PBXBuildFile; fileRef = 34D1A1ED23F98CCA000F450D /* AppDelegate.swift */; };
		34D1A1F023F98CCA000F450D /* SceneDelegate.swift in Sources */ = {isa = PBXBuildFile; fileRef = 34D1A1EF23F98CCA000F450D /* SceneDelegate.swift */; };
		34D1A1F223F98CCA000F450D /* ViewController.swift in Sources */ = {isa = PBXBuildFile; fileRef = 34D1A1F123F98CCA000F450D /* ViewController.swift */; };
		34D1A1F523F98CCA000F450D /* Main.storyboard in Resources */ = {isa = PBXBuildFile; fileRef = 34D1A1F323F98CCA000F450D /* Main.storyboard */; };
		34D1A1F723F98CCB000F450D /* Assets.xcassets in Resources */ = {isa = PBXBuildFile; fileRef = 34D1A1F623F98CCB000F450D /* Assets.xcassets */; };
		34D1A1FA23F98CCB000F450D /* LaunchScreen.storyboard in Resources */ = {isa = PBXBuildFile; fileRef = 34D1A1F823F98CCB000F450D /* LaunchScreen.storyboard */; };
/* End PBXBuildFile section */

/* Begin PBXFileReference section */
		34D1A1EA23F98CCA000F450D /* VK_Docs.app */ = {isa = PBXFileReference; explicitFileType = wrapper.application; includeInIndex = 0; path = VK_Docs.app; sourceTree = BUILT_PRODUCTS_DIR; };
		34D1A1ED23F98CCA000F450D /* AppDelegate.swift */ = {isa = PBXFileReference; lastKnownFileType = sourcecode.swift; path = AppDelegate.swift; sourceTree = "<group>"; };
		34D1A1EF23F98CCA000F450D /* SceneDelegate.swift */ = {isa = PBXFileReference; lastKnownFileType = sourcecode.swift; path = SceneDelegate.swift; sourceTree = "<group>"; };
		34D1A1F123F98CCA000F450D /* ViewController.swift */ = {isa = PBXFileReference; lastKnownFileType = sourcecode.swift; path = ViewController.swift; sourceTree = "<group>"; };
		34D1A1F423F98CCA000F450D /* Base */ = {isa = PBXFileReference; lastKnownFileType = file.storyboard; name = Base; path = Base.lproj/Main.storyboard; sourceTree = "<group>"; };
		34D1A1F623F98CCB000F450D /* Assets.xcassets */ = {isa = PBXFileReference; lastKnownFileType = folder.assetcatalog; path = Assets.xcassets; sourceTree = "<group>"; };
		34D1A1F923F98CCB000F450D /* Base */ = {isa = PBXFileReference; lastKnownFileType = file.storyboard; name = Base; path = Base.lproj/LaunchScreen.storyboard; sourceTree = "<group>"; };
		34D1A1FB23F98CCB000F450D /* Info.plist */ = {isa = PBXFileReference; lastKnownFileType = text.plist.xml; path = Info.plist; sourceTree = "<group>"; };
/* End PBXFileReference section */

/* Begin PBXFrameworksBuildPhase section */
		34D1A1E723F98CCA000F450D /* Frameworks */ = {
			isa = PBXFrameworksBuildPhase;
			buildActionMask = 2147483647;
			files = (
			);
			runOnlyForDeploymentPostprocessing = 0;
		};
/* End PBXFrameworksBuildPhase section */

/* Begin PBXGroup section */
		34D1A1E123F98CCA000F450D = {
			isa = PBXGroup;
			children = (
				34D1A1EC23F98CCA000F450D /* VK_Docs */,
				34D1A1EB23F98CCA000F450D /* Products */,
			);
			sourceTree = "<group>";
		};
		34D1A1EB23F98CCA000F450D /* Products */ = {
			isa = PBXGroup;
			children = (
				34D1A1EA23F98CCA000F450D /* VK_Docs.app */,
			);
			name = Products;
			sourceTree = "<group>";
		};
		34D1A1EC23F98CCA000F450D /* VK_Docs */ = {
			isa = PBXGroup;
			children = (
				34D1A1ED23F98CCA000F450D /* AppDelegate.swift */,
				34D1A1EF23F98CCA000F450D /* SceneDelegate.swift */,
				34D1A1F123F98CCA000F450D /* ViewController.swift */,
				34D1A1F323F98CCA000F450D /* Main.storyboard */,
				34D1A1F623F98CCB000F450D /* Assets.xcassets */,
				34D1A1F823F98CCB000F450D /* LaunchScreen.storyboard */,
				34D1A1FB23F98CCB000F450D /* Info.plist */,
			);
			path = VK_Docs;
			sourceTree = "<group>";
		};
/* End PBXGroup section */

/* Begin PBXNativeTarget section */
		34D1A1E923F98CCA000F450D /* VK_Docs */ = {
			isa = PBXNativeTarget;
			buildConfigurationList = 34D1A1FE23F98CCB000F450D /* Build configuration list for PBXNativeTarget "VK_Docs" */;
			buildPhases = (
				34D1A1E623F98CCA000F450D /* Sources */,
				34D1A1E723F98CCA000F450D /* Frameworks */,
				34D1A1E823F98CCA000F450D /* Resources */,
			);
			buildRules = (
			);
			dependencies = (
			);
			name = VK_Docs;
			productName = VK_Docs;
			productReference = 34D1A1EA23F98CCA000F450D /* VK_Docs.app */;
			productType = "com.apple.product-type.application";
		};
/* End PBXNativeTarget section */

/* Begin PBXProject section */
		34D1A1E223F98CCA000F450D /* Project object */ = {
			isa = PBXProject;
			attributes = {
				LastSwiftUpdateCheck = 1130;
				LastUpgradeCheck = 1130;
				ORGANIZATIONNAME = "Ramazan Kazybek";
				TargetAttributes = {
					34D1A1E923F98CCA000F450D = {
						CreatedOnToolsVersion = 11.3.1;
					};
				};
			};
			buildConfigurationList = 34D1A1E523F98CCA000F450D /* Build configuration list for PBXProject "VK_Docs" */;
			compatibilityVersion = "Xcode 9.3";
			developmentRegion = en;
			hasScannedForEncodings = 0;
			knownRegions = (
				en,
				Base,
			);
			mainGroup = 34D1A1E123F98CCA000F450D;
			productRefGroup = 34D1A1EB23F98CCA000F450D /* Products */;
			projectDirPath = "";
			projectRoot = "";
			targets = (
				34D1A1E923F98CCA000F450D /* VK_Docs */,
			);
		};
/* End PBXProject section */

/* Begin PBXResourcesBuildPhase section */
		34D1A1E823F98CCA000F450D /* Resources */ = {
			isa = PBXResourcesBuildPhase;
			buildActionMask = 2147483647;
			files = (
				34D1A1FA23F98CCB000F450D /* LaunchScreen.storyboard in Resources */,
				34D1A1F723F98CCB000F450D /* Assets.xcassets in Resources */,
				34D1A1F523F98CCA000F450D /* Main.storyboard in Resources */,
			);
			runOnlyForDeploymentPostprocessing = 0;
		};
/* End PBXResourcesBuildPhase section */

/* Begin PBXSourcesBuildPhase section */
		34D1A1E623F98CCA000F450D /* Sources */ = {
			isa = PBXSourcesBuildPhase;
			buildActionMask = 2147483647;
			files = (
				34D1A1F223F98CCA000F450D /* ViewController.swift in Sources */,
				34D1A1EE23F98CCA000F450D /* AppDelegate.swift in Sources */,
				34D1A1F023F98CCA000F450D /* SceneDelegate.swift in Sources */,
			);
			runOnlyForDeploymentPostprocessing = 0;
		};
/* End PBXSourcesBuildPhase section */

/* Begin PBXVariantGroup section */
		34D1A1F323F98CCA000F450D /* Main.storyboard */ = {
			isa = PBXVariantGroup;
			children = (
				34D1A1F423F98CCA000F450D /* Base */,
			);
			name = Main.storyboard;
			sourceTree = "<group>";
		};
		34D1A1F823F98CCB000F450D /* LaunchScreen.storyboard */ = {
			isa = PBXVariantGroup;
			children = (
				34D1A1F923F98CCB000F450D /* Base */,
			);
			name = LaunchScreen.storyboard;
			sourceTree = "<group>";
		};
/* End PBXVariantGroup section */

/* Begin XCBuildConfiguration section */
		34D1A1FC23F98CCB000F450D /* Debug */ = {
			isa = XCBuildConfiguration;
			buildSettings = {
				ALWAYS_SEARCH_USER_PATHS = NO;
				CLANG_ANALYZER_NONNULL = YES;
				CLANG_ANALYZER_NUMBER_OBJECT_CONVERSION = YES_AGGRESSIVE;
				CLANG_CXX_LANGUAGE_STANDARD = "gnu++14";
				CLANG_CXX_LIBRARY = "libc++";
				CLANG_ENABLE_MODULES = YES;
				CLANG_ENABLE_OBJC_ARC = YES;
				CLANG_ENABLE_OBJC_WEAK = YES;
				CLANG_WARN_BLOCK_CAPTURE_AUTORELEASING = YES;
				CLANG_WARN_BOOL_CONVERSION = YES;
				CLANG_WARN_COMMA = YES;
				CLANG_WARN_CONSTANT_CONVERSION = YES;
				CLANG_WARN_DEPRECATED_OBJC_IMPLEMENTATIONS = YES;
				CLANG_WARN_DIRECT_OBJC_ISA_USAGE = YES_ERROR;
				CLANG_WARN_DOCUMENTATION_COMMENTS = YES;
				CLANG_WARN_EMPTY_BODY = YES;
				CLANG_WARN_ENUM_CONVERSION = YES;
				CLANG_WARN_INFINITE_RECURSION = YES;
				CLANG_WARN_INT_CONVERSION = YES;
				CLANG_WARN_NON_LITERAL_NULL_CONVERSION = YES;
				CLANG_WARN_OBJC_IMPLICIT_RETAIN_SELF = YES;
				CLANG_WARN_OBJC_LITERAL_CONVERSION = YES;
				CLANG_WARN_OBJC_ROOT_CLASS = YES_ERROR;
				CLANG_WARN_RANGE_LOOP_ANALYSIS = YES;
				CLANG_WARN_STRICT_PROTOTYPES = YES;
				CLANG_WARN_SUSPICIOUS_MOVE = YES;
				CLANG_WARN_UNGUARDED_AVAILABILITY = YES_AGGRESSIVE;
				CLANG_WARN_UNREACHABLE_CODE = YES;
				CLANG_WARN__DUPLICATE_METHOD_MATCH = YES;
				COPY_PHASE_STRIP = NO;
				DEBUG_INFORMATION_FORMAT = dwarf;
				ENABLE_STRICT_OBJC_MSGSEND = YES;
				ENABLE_TESTABILITY = YES;
				GCC_C_LANGUAGE_STANDARD = gnu11;
				GCC_DYNAMIC_NO_PIC = NO;
				GCC_NO_COMMON_BLOCKS = YES;
				GCC_OPTIMIZATION_LEVEL = 0;
				GCC_PREPROCESSOR_DEFINITIONS = (
					"DEBUG=1",
					"$(inherited)",
				);
				GCC_WARN_64_TO_32_BIT_CONVERSION = YES;
				GCC_WARN_ABOUT_RETURN_TYPE = YES_ERROR;
				GCC_WARN_UNDECLARED_SELECTOR = YES;
				GCC_WARN_UNINITIALIZED_AUTOS = YES_AGGRESSIVE;
				GCC_WARN_UNUSED_FUNCTION = YES;
				GCC_WARN_UNUSED_VARIABLE = YES;
				IPHONEOS_DEPLOYMENT_TARGET = 13.2;
				MTL_ENABLE_DEBUG_INFO = INCLUDE_SOURCE;
				MTL_FAST_MATH = YES;
				ONLY_ACTIVE_ARCH = YES;
				SDKROOT = iphoneos;
				SWIFT_ACTIVE_COMPILATION_CONDITIONS = DEBUG;
				SWIFT_OPTIMIZATION_LEVEL = "-Onone";
			};
			name = Debug;
		};
		34D1A1FD23F98CCB000F450D /* Release */ = {
			isa = XCBuildConfiguration;
			buildSettings = {
				ALWAYS_SEARCH_USER_PATHS = NO;
				CLANG_ANALYZER_NONNULL = YES;
				CLANG_ANALYZER_NUMBER_OBJECT_CONVERSION = YES_AGGRESSIVE;
				CLANG_CXX_LANGUAGE_STANDARD = "gnu++14";
				CLANG_CXX_LIBRARY = "libc++";
				CLANG_ENABLE_MODULES = YES;
				CLANG_ENABLE_OBJC_ARC = YES;
				CLANG_ENABLE_OBJC_WEAK = YES;
				CLANG_WARN_BLOCK_CAPTURE_AUTORELEASING = YES;
				CLANG_WARN_BOOL_CONVERSION = YES;
				CLANG_WARN_COMMA = YES;
				CLANG_WARN_CONSTANT_CONVERSION = YES;
				CLANG_WARN_DEPRECATED_OBJC_IMPLEMENTATIONS = YES;
				CLANG_WARN_DIRECT_OBJC_ISA_USAGE = YES_ERROR;
				CLANG_WARN_DOCUMENTATION_COMMENTS = YES;
				CLANG_WARN_EMPTY_BODY = YES;
				CLANG_WARN_ENUM_CONVERSION = YES;
				CLANG_WARN_INFINITE_RECURSION = YES;
				CLANG_WARN_INT_CONVERSION = YES;
				CLANG_WARN_NON_LITERAL_NULL_CONVERSION = YES;
				CLANG_WARN_OBJC_IMPLICIT_RETAIN_SELF = YES;
				CLANG_WARN_OBJC_LITERAL_CONVERSION = YES;
				CLANG_WARN_OBJC_ROOT_CLASS = YES_ERROR;
				CLANG_WARN_RANGE_LOOP_ANALYSIS = YES;
				CLANG_WARN_STRICT_PROTOTYPES = YES;
				CLANG_WARN_SUSPICIOUS_MOVE = YES;
				CLANG_WARN_UNGUARDED_AVAILABILITY = YES_AGGRESSIVE;
				CLANG_WARN_UNREACHABLE_CODE = YES;
				CLANG_WARN__DUPLICATE_METHOD_MATCH = YES;
				COPY_PHASE_STRIP = NO;
				DEBUG_INFORMATION_FORMAT = "dwarf-with-dsym";
				ENABLE_NS_ASSERTIONS = NO;
				ENABLE_STRICT_OBJC_MSGSEND = YES;
				GCC_C_LANGUAGE_STANDARD = gnu11;
				GCC_NO_COMMON_BLOCKS = YES;
				GCC_WARN_64_TO_32_BIT_CONVERSION = YES;
				GCC_WARN_ABOUT_RETURN_TYPE = YES_ERROR;
				GCC_WARN_UNDECLARED_SELECTOR = YES;
				GCC_WARN_UNINITIALIZED_AUTOS = YES_AGGRESSIVE;
				GCC_WARN_UNUSED_FUNCTION = YES;
				GCC_WARN_UNUSED_VARIABLE = YES;
				IPHONEOS_DEPLOYMENT_TARGET = 13.2;
				MTL_ENABLE_DEBUG_INFO = NO;
				MTL_FAST_MATH = YES;
				SDKROOT = iphoneos;
				SWIFT_COMPILATION_MODE = wholemodule;
				SWIFT_OPTIMIZATION_LEVEL = "-O";
				VALIDATE_PRODUCT = YES;
			};
			name = Release;
		};
		34D1A1FF23F98CCB000F450D /* Debug */ = {
			isa = XCBuildConfiguration;
			buildSettings = {
				ASSETCATALOG_COMPILER_APPICON_NAME = AppIcon;
				CODE_SIGN_STYLE = Automatic;
				DEVELOPMENT_TEAM = PC7CVQWS5W;
				INFOPLIST_FILE = VK_Docs/Info.plist;
				LD_RUNPATH_SEARCH_PATHS = (
					"$(inherited)",
					"@executable_path/Frameworks",
				);
				PRODUCT_BUNDLE_IDENTIFIER = "vk-docs.VK-Docs";
				PRODUCT_NAME = "$(TARGET_NAME)";
				SWIFT_VERSION = 5.0;
				TARGETED_DEVICE_FAMILY = "1,2";
			};
			name = Debug;
		};
		34D1A20023F98CCB000F450D /* Release */ = {
			isa = XCBuildConfiguration;
			buildSettings = {
				ASSETCATALOG_COMPILER_APPICON_NAME = AppIcon;
				CODE_SIGN_STYLE = Automatic;
				DEVELOPMENT_TEAM = PC7CVQWS5W;
				INFOPLIST_FILE = VK_Docs/Info.plist;
				LD_RUNPATH_SEARCH_PATHS = (
					"$(inherited)",
					"@executable_path/Frameworks",
				);
				PRODUCT_BUNDLE_IDENTIFIER = "vk-docs.VK-Docs";
				PRODUCT_NAME = "$(TARGET_NAME)";
				SWIFT_VERSION = 5.0;
				TARGETED_DEVICE_FAMILY = "1,2";
			};
			name = Release;
		};
/* End XCBuildConfiguration section */

/* Begin XCConfigurationList section */
		34D1A1E523F98CCA000F450D /* Build configuration list for PBXProject "VK_Docs" */ = {
			isa = XCConfigurationList;
			buildConfigurations = (
				34D1A1FC23F98CCB000F450D /* Debug */,
				34D1A1FD23F98CCB000F450D /* Release */,
			);
			defaultConfigurationIsVisible = 0;
			defaultConfigurationName = Release;
		};
		34D1A1FE23F98CCB000F450D /* Build configuration list for PBXNativeTarget "VK_Docs" */ = {
			isa = XCConfigurationList;
			buildConfigurations = (
				34D1A1FF23F98CCB000F450D /* Debug */,
				34D1A20023F98CCB000F450D /* Release */,
			);
			defaultConfigurationIsVisible = 0;
			defaultConfigurationName = Release;
		};
/* End XCConfigurationList section */
	};
	rootObject = 34D1A1E223F98CCA000F450D /* Project object */;
}
